
Microsoft Visual Studio Solution File, Format Version 12.00
# Visual Studio Version 16
VisualStudioVersion = 16.0.29230.47
MinimumVisualStudioVersion = 10.0.40219.1
Project("{9A19103F-16F7-4668-BE54-9A1E7A4F7556}") = "ReadExcelFile", "ReadExcelFile\ReadExcelFile.csproj", "{2A8BB2CF-7CE9-4142-8ED4-836C91DBFBA5}"
EndProject
Project("{FAE04EC0-301F-11D3-BF4B-00C04F79EFBC}") = "ReadExcelFileFramework", "ReadExcelFileFramework\ReadExcelFileFramework.csproj", "{368DCE2A-6D8B-4235-8769-A5EC6D57FFF3}"
EndProject
Project("{FAE04EC0-301F-11D3-BF4B-00C04F79EFBC}") = "Notes", "Notes\Notes.csproj", "{035C6799-8182-468F-A5A9-422A7B9B02C5}"
EndProject
Global
	GlobalSection(SolutionConfigurationPlatforms) = preSolution
		Debug|Any CPU = Debug|Any CPU
		Release|Any CPU = Release|Any CPU
	EndGlobalSection
	GlobalSection(ProjectConfigurationPlatforms) = postSolution
		{2A8BB2CF-7CE9-4142-8ED4-836C91DBFBA5}.Debug|Any CPU.ActiveCfg = Debug|Any CPU
		{2A8BB2CF-7CE9-4142-8ED4-836C91DBFBA5}.Debug|Any CPU.Build.0 = Debug|Any CPU
		{2A8BB2CF-7CE9-4142-8ED4-836C91DBFBA5}.Release|Any CPU.ActiveCfg = Release|Any CPU
		{2A8BB2CF-7CE9-4142-8ED4-836C91DBFBA5}.Release|Any CPU.Build.0 = Release|Any CPU
		{368DCE2A-6D8B-4235-8769-A5EC6D57FFF3}.Debug|Any CPU.ActiveCfg = Debug|Any CPU
		{368DCE2A-6D8B-4235-8769-A5EC6D57FFF3}.Debug|Any CPU.Build.0 = Debug|Any CPU
		{368DCE2A-6D8B-4235-8769-A5EC6D57FFF3}.Release|Any CPU.ActiveCfg = Release|Any CPU
		{368DCE2A-6D8B-4235-8769-A5EC6D57FFF3}.Release|Any CPU.Build.0 = Release|Any CPU
		{035C6799-8182-468F-A5A9-422A7B9B02C5}.Debug|Any CPU.ActiveCfg = Debug|Any CPU
		{035C6799-8182-468F-A5A9-422A7B9B02C5}.Debug|Any CPU.Build.0 = Debug|Any CPU
		{035C6799-8182-468F-A5A9-422A7B9B02C5}.Release|Any CPU.ActiveCfg = Release|Any CPU
		{035C6799-8182-468F-A5A9-422A7B9B02C5}.Release|Any CPU.Build.0 = Release|Any CPU
	EndGlobalSection
	GlobalSection(SolutionProperties) = preSolution
		HideSolutionNode = FALSE
	EndGlobalSection
	GlobalSection(ExtensibilityGlobals) = postSolution
		SolutionGuid = {6BB12E81-229B-45C1-A3B2-78ED8A6DC788}
	EndGlobalSection
EndGlobal
